// !$*UTF8*$!
{
	archiveVersion = 1;
	classes = {
	};
	objectVersion = 48;
	objects = {

/* Begin PBXBuildFile section */
		1D3281AD1F8654B4008570F8 /* AppDelegate.swift in Sources */ = {isa = PBXBuildFile; fileRef = 1D3281AC1F8654B4008570F8 /* AppDelegate.swift */; };
		1D3281AF1F8654B4008570F8 /* ViewController.swift in Sources */ = {isa = PBXBuildFile; fileRef = 1D3281AE1F8654B4008570F8 /* ViewController.swift */; };
		1D3281B21F8654B4008570F8 /* Main.storyboard in Resources */ = {isa = PBXBuildFile; fileRef = 1D3281B01F8654B4008570F8 /* Main.storyboard */; };
		1D3281B41F8654B4008570F8 /* Assets.xcassets in Resources */ = {isa = PBXBuildFile; fileRef = 1D3281B31F8654B4008570F8 /* Assets.xcassets */; };
		1D3281B71F8654B4008570F8 /* LaunchScreen.storyboard in Resources */ = {isa = PBXBuildFile; fileRef = 1D3281B51F8654B4008570F8 /* LaunchScreen.storyboard */; };
		1D3281C21F8654B4008570F8 /* ClassroomCheckerTests.swift in Sources */ = {isa = PBXBuildFile; fileRef = 1D3281C11F8654B4008570F8 /* ClassroomCheckerTests.swift */; };
		1D3281CD1F8654B4008570F8 /* ClassroomCheckerUITests.swift in Sources */ = {isa = PBXBuildFile; fileRef = 1D3281CC1F8654B4008570F8 /* ClassroomCheckerUITests.swift */; };
		7FA5E076DD74E5FE850BF480 /* Pods_ClassroomCheckerTests.framework in Frameworks */ = {isa = PBXBuildFile; fileRef = EC07D2BF7D22057D7CBCC71B /* Pods_ClassroomCheckerTests.framework */; };
		B071D052E43B0E261B031134 /* Pods_ClassroomChecker.framework in Frameworks */ = {isa = PBXBuildFile; fileRef = A8E332EE743F2A135C7CF4EB /* Pods_ClassroomChecker.framework */; };
		E5574EBD8ED4508228F22553 /* Pods_ClassroomCheckerUITests.framework in Frameworks */ = {isa = PBXBuildFile; fileRef = FC2232AD6749562B05D5466A /* Pods_ClassroomCheckerUITests.framework */; };
/* End PBXBuildFile section */

/* Begin PBXContainerItemProxy section */
		1D3281BE1F8654B4008570F8 /* PBXContainerItemProxy */ = {
			isa = PBXContainerItemProxy;
			containerPortal = 1D3281A11F8654B4008570F8 /* Project object */;
			proxyType = 1;
			remoteGlobalIDString = 1D3281A81F8654B4008570F8;
			remoteInfo = ClassroomChecker;
		};
		1D3281C91F8654B4008570F8 /* PBXContainerItemProxy */ = {
			isa = PBXContainerItemProxy;
			containerPortal = 1D3281A11F8654B4008570F8 /* Project object */;
			proxyType = 1;
			remoteGlobalIDString = 1D3281A81F8654B4008570F8;
			remoteInfo = ClassroomChecker;
		};
/* End PBXContainerItemProxy section */

/* Begin PBXFileReference section */
		1D3281A91F8654B4008570F8 /* ClassroomChecker.app */ = {isa = PBXFileReference; explicitFileType = wrapper.application; includeInIndex = 0; path = ClassroomChecker.app; sourceTree = BUILT_PRODUCTS_DIR; };
		1D3281AC1F8654B4008570F8 /* AppDelegate.swift */ = {isa = PBXFileReference; lastKnownFileType = sourcecode.swift; path = AppDelegate.swift; sourceTree = "<group>"; };
		1D3281AE1F8654B4008570F8 /* ViewController.swift */ = {isa = PBXFileReference; lastKnownFileType = sourcecode.swift; path = ViewController.swift; sourceTree = "<group>"; };
		1D3281B11F8654B4008570F8 /* Base */ = {isa = PBXFileReference; lastKnownFileType = file.storyboard; name = Base; path = Base.lproj/Main.storyboard; sourceTree = "<group>"; };
		1D3281B31F8654B4008570F8 /* Assets.xcassets */ = {isa = PBXFileReference; lastKnownFileType = folder.assetcatalog; path = Assets.xcassets; sourceTree = "<group>"; };
		1D3281B61F8654B4008570F8 /* Base */ = {isa = PBXFileReference; lastKnownFileType = file.storyboard; name = Base; path = Base.lproj/LaunchScreen.storyboard; sourceTree = "<group>"; };
		1D3281B81F8654B4008570F8 /* Info.plist */ = {isa = PBXFileReference; lastKnownFileType = text.plist.xml; path = Info.plist; sourceTree = "<group>"; };
		1D3281BD1F8654B4008570F8 /* ClassroomCheckerTests.xctest */ = {isa = PBXFileReference; explicitFileType = wrapper.cfbundle; includeInIndex = 0; path = ClassroomCheckerTests.xctest; sourceTree = BUILT_PRODUCTS_DIR; };
		1D3281C11F8654B4008570F8 /* ClassroomCheckerTests.swift */ = {isa = PBXFileReference; lastKnownFileType = sourcecode.swift; path = ClassroomCheckerTests.swift; sourceTree = "<group>"; };
		1D3281C31F8654B4008570F8 /* Info.plist */ = {isa = PBXFileReference; lastKnownFileType = text.plist.xml; path = Info.plist; sourceTree = "<group>"; };
		1D3281C81F8654B4008570F8 /* ClassroomCheckerUITests.xctest */ = {isa = PBXFileReference; explicitFileType = wrapper.cfbundle; includeInIndex = 0; path = ClassroomCheckerUITests.xctest; sourceTree = BUILT_PRODUCTS_DIR; };
		1D3281CC1F8654B4008570F8 /* ClassroomCheckerUITests.swift */ = {isa = PBXFileReference; lastKnownFileType = sourcecode.swift; path = ClassroomCheckerUITests.swift; sourceTree = "<group>"; };
		1D3281CE1F8654B4008570F8 /* Info.plist */ = {isa = PBXFileReference; lastKnownFileType = text.plist.xml; path = Info.plist; sourceTree = "<group>"; };
		65A7069EEFA66226FE3677DC /* Pods-ClassroomCheckerUITests.debug.xcconfig */ = {isa = PBXFileReference; includeInIndex = 1; lastKnownFileType = text.xcconfig; name = "Pods-ClassroomCheckerUITests.debug.xcconfig"; path = "Pods/Target Support Files/Pods-ClassroomCheckerUITests/Pods-ClassroomCheckerUITests.debug.xcconfig"; sourceTree = "<group>"; };
		963B6B0AE5D1E5706375F809 /* Pods-ClassroomCheckerUITests.release.xcconfig */ = {isa = PBXFileReference; includeInIndex = 1; lastKnownFileType = text.xcconfig; name = "Pods-ClassroomCheckerUITests.release.xcconfig"; path = "Pods/Target Support Files/Pods-ClassroomCheckerUITests/Pods-ClassroomCheckerUITests.release.xcconfig"; sourceTree = "<group>"; };
		A05DED37D83DCB8AF3213D93 /* Pods-ClassroomChecker.release.xcconfig */ = {isa = PBXFileReference; includeInIndex = 1; lastKnownFileType = text.xcconfig; name = "Pods-ClassroomChecker.release.xcconfig"; path = "Pods/Target Support Files/Pods-ClassroomChecker/Pods-ClassroomChecker.release.xcconfig"; sourceTree = "<group>"; };
		A05E4CA74B53393ED44CC649 /* Pods-ClassroomCheckerTests.release.xcconfig */ = {isa = PBXFileReference; includeInIndex = 1; lastKnownFileType = text.xcconfig; name = "Pods-ClassroomCheckerTests.release.xcconfig"; path = "Pods/Target Support Files/Pods-ClassroomCheckerTests/Pods-ClassroomCheckerTests.release.xcconfig"; sourceTree = "<group>"; };
		A0DF1F6A31B0FFA7859F4090 /* Pods-ClassroomChecker.debug.xcconfig */ = {isa = PBXFileReference; includeInIndex = 1; lastKnownFileType = text.xcconfig; name = "Pods-ClassroomChecker.debug.xcconfig"; path = "Pods/Target Support Files/Pods-ClassroomChecker/Pods-ClassroomChecker.debug.xcconfig"; sourceTree = "<group>"; };
		A8E332EE743F2A135C7CF4EB /* Pods_ClassroomChecker.framework */ = {isa = PBXFileReference; explicitFileType = wrapper.framework; includeInIndex = 0; path = Pods_ClassroomChecker.framework; sourceTree = BUILT_PRODUCTS_DIR; };
		E14B454A1944E87F57858AA7 /* Pods-ClassroomCheckerTests.debug.xcconfig */ = {isa = PBXFileReference; includeInIndex = 1; lastKnownFileType = text.xcconfig; name = "Pods-ClassroomCheckerTests.debug.xcconfig"; path = "Pods/Target Support Files/Pods-ClassroomCheckerTests/Pods-ClassroomCheckerTests.debug.xcconfig"; sourceTree = "<group>"; };
		EC07D2BF7D22057D7CBCC71B /* Pods_ClassroomCheckerTests.framework */ = {isa = PBXFileReference; explicitFileType = wrapper.framework; includeInIndex = 0; path = Pods_ClassroomCheckerTests.framework; sourceTree = BUILT_PRODUCTS_DIR; };
		FC2232AD6749562B05D5466A /* Pods_ClassroomCheckerUITests.framework */ = {isa = PBXFileReference; explicitFileType = wrapper.framework; includeInIndex = 0; path = Pods_ClassroomCheckerUITests.framework; sourceTree = BUILT_PRODUCTS_DIR; };
/* End PBXFileReference section */

/* Begin PBXFrameworksBuildPhase section */
		1D3281A61F8654B4008570F8 /* Frameworks */ = {
			isa = PBXFrameworksBuildPhase;
			buildActionMask = 2147483647;
			files = (
				B071D052E43B0E261B031134 /* Pods_ClassroomChecker.framework in Frameworks */,
			);
			runOnlyForDeploymentPostprocessing = 0;
		};
		1D3281BA1F8654B4008570F8 /* Frameworks */ = {
			isa = PBXFrameworksBuildPhase;
			buildActionMask = 2147483647;
			files = (
				7FA5E076DD74E5FE850BF480 /* Pods_ClassroomCheckerTests.framework in Frameworks */,
			);
			runOnlyForDeploymentPostprocessing = 0;
		};
		1D3281C51F8654B4008570F8 /* Frameworks */ = {
			isa = PBXFrameworksBuildPhase;
			buildActionMask = 2147483647;
			files = (
				E5574EBD8ED4508228F22553 /* Pods_ClassroomCheckerUITests.framework in Frameworks */,
			);
			runOnlyForDeploymentPostprocessing = 0;
		};
/* End PBXFrameworksBuildPhase section */

/* Begin PBXGroup section */
		1D3281A01F8654B4008570F8 = {
			isa = PBXGroup;
			children = (
				1D3281AB1F8654B4008570F8 /* ClassroomChecker */,
				1D3281C01F8654B4008570F8 /* ClassroomCheckerTests */,
				1D3281CB1F8654B4008570F8 /* ClassroomCheckerUITests */,
				1D3281AA1F8654B4008570F8 /* Products */,
				7A993DC18F7856D37DD6C68A /* Pods */,
				3DA840C369B47D993D12287B /* Frameworks */,
			);
			sourceTree = "<group>";
		};
		1D3281AA1F8654B4008570F8 /* Products */ = {
			isa = PBXGroup;
			children = (
				1D3281A91F8654B4008570F8 /* ClassroomChecker.app */,
				1D3281BD1F8654B4008570F8 /* ClassroomCheckerTests.xctest */,
				1D3281C81F8654B4008570F8 /* ClassroomCheckerUITests.xctest */,
			);
			name = Products;
			sourceTree = "<group>";
		};
		1D3281AB1F8654B4008570F8 /* ClassroomChecker */ = {
			isa = PBXGroup;
			children = (
				1D3281AC1F8654B4008570F8 /* AppDelegate.swift */,
				1D3281AE1F8654B4008570F8 /* ViewController.swift */,
				1D3281B01F8654B4008570F8 /* Main.storyboard */,
				1D3281B31F8654B4008570F8 /* Assets.xcassets */,
				1D3281B51F8654B4008570F8 /* LaunchScreen.storyboard */,
				1D3281B81F8654B4008570F8 /* Info.plist */,
			);
			path = ClassroomChecker;
			sourceTree = "<group>";
		};
		1D3281C01F8654B4008570F8 /* ClassroomCheckerTests */ = {
			isa = PBXGroup;
			children = (
				1D3281C11F8654B4008570F8 /* ClassroomCheckerTests.swift */,
				1D3281C31F8654B4008570F8 /* Info.plist */,
			);
			path = ClassroomCheckerTests;
			sourceTree = "<group>";
		};
		1D3281CB1F8654B4008570F8 /* ClassroomCheckerUITests */ = {
			isa = PBXGroup;
			children = (
				1D3281CC1F8654B4008570F8 /* ClassroomCheckerUITests.swift */,
				1D3281CE1F8654B4008570F8 /* Info.plist */,
			);
			path = ClassroomCheckerUITests;
			sourceTree = "<group>";
		};
		3DA840C369B47D993D12287B /* Frameworks */ = {
			isa = PBXGroup;
			children = (
				A8E332EE743F2A135C7CF4EB /* Pods_ClassroomChecker.framework */,
				EC07D2BF7D22057D7CBCC71B /* Pods_ClassroomCheckerTests.framework */,
				FC2232AD6749562B05D5466A /* Pods_ClassroomCheckerUITests.framework */,
			);
			name = Frameworks;
			sourceTree = "<group>";
		};
		7A993DC18F7856D37DD6C68A /* Pods */ = {
			isa = PBXGroup;
			children = (
				A0DF1F6A31B0FFA7859F4090 /* Pods-ClassroomChecker.debug.xcconfig */,
				A05DED37D83DCB8AF3213D93 /* Pods-ClassroomChecker.release.xcconfig */,
				E14B454A1944E87F57858AA7 /* Pods-ClassroomCheckerTests.debug.xcconfig */,
				A05E4CA74B53393ED44CC649 /* Pods-ClassroomCheckerTests.release.xcconfig */,
				65A7069EEFA66226FE3677DC /* Pods-ClassroomCheckerUITests.debug.xcconfig */,
				963B6B0AE5D1E5706375F809 /* Pods-ClassroomCheckerUITests.release.xcconfig */,
			);
			name = Pods;
			sourceTree = "<group>";
		};
/* End PBXGroup section */

/* Begin PBXNativeTarget section */
		1D3281A81F8654B4008570F8 /* ClassroomChecker */ = {
			isa = PBXNativeTarget;
			buildConfigurationList = 1D3281D11F8654B4008570F8 /* Build configuration list for PBXNativeTarget "ClassroomChecker" */;
			buildPhases = (
				00F4E45A8FE52CA600A177F3 /* [CP] Check Pods Manifest.lock */,
				1D3281A51F8654B4008570F8 /* Sources */,
				1D3281A61F8654B4008570F8 /* Frameworks */,
				1D3281A71F8654B4008570F8 /* Resources */,
				39B0C18665B3811CBF581042 /* [CP] Embed Pods Frameworks */,
				C3DF9854CA7FE6284C529B8F /* [CP] Copy Pods Resources */,
			);
			buildRules = (
			);
			dependencies = (
			);
			name = ClassroomChecker;
			productName = ClassroomChecker;
			productReference = 1D3281A91F8654B4008570F8 /* ClassroomChecker.app */;
			productType = "com.apple.product-type.application";
		};
		1D3281BC1F8654B4008570F8 /* ClassroomCheckerTests */ = {
			isa = PBXNativeTarget;
			buildConfigurationList = 1D3281D41F8654B4008570F8 /* Build configuration list for PBXNativeTarget "ClassroomCheckerTests" */;
			buildPhases = (
				C1C21DFA9C63460D6FF76BDE /* [CP] Check Pods Manifest.lock */,
				1D3281B91F8654B4008570F8 /* Sources */,
				1D3281BA1F8654B4008570F8 /* Frameworks */,
				1D3281BB1F8654B4008570F8 /* Resources */,
				8F4C617F98DDC5866BEF6421 /* [CP] Embed Pods Frameworks */,
				90CFBEC9C844342EB19FC969 /* [CP] Copy Pods Resources */,
			);
			buildRules = (
			);
			dependencies = (
				1D3281BF1F8654B4008570F8 /* PBXTargetDependency */,
			);
			name = ClassroomCheckerTests;
			productName = ClassroomCheckerTests;
			productReference = 1D3281BD1F8654B4008570F8 /* ClassroomCheckerTests.xctest */;
			productType = "com.apple.product-type.bundle.unit-test";
		};
		1D3281C71F8654B4008570F8 /* ClassroomCheckerUITests */ = {
			isa = PBXNativeTarget;
			buildConfigurationList = 1D3281D71F8654B4008570F8 /* Build configuration list for PBXNativeTarget "ClassroomCheckerUITests" */;
			buildPhases = (
				9E69ADA018CE8E1B52F891C2 /* [CP] Check Pods Manifest.lock */,
				1D3281C41F8654B4008570F8 /* Sources */,
				1D3281C51F8654B4008570F8 /* Frameworks */,
				1D3281C61F8654B4008570F8 /* Resources */,
				C88FF29FD95124AE896516B1 /* [CP] Embed Pods Frameworks */,
				0AE74BC83152532A334F7346 /* [CP] Copy Pods Resources */,
			);
			buildRules = (
			);
			dependencies = (
				1D3281CA1F8654B4008570F8 /* PBXTargetDependency */,
			);
			name = ClassroomCheckerUITests;
			productName = ClassroomCheckerUITests;
			productReference = 1D3281C81F8654B4008570F8 /* ClassroomCheckerUITests.xctest */;
			productType = "com.apple.product-type.bundle.ui-testing";
		};
/* End PBXNativeTarget section */

/* Begin PBXProject section */
		1D3281A11F8654B4008570F8 /* Project object */ = {
			isa = PBXProject;
			attributes = {
				LastSwiftUpdateCheck = 0900;
				LastUpgradeCheck = 0900;
				ORGANIZATIONNAME = "Carly Hill";
				TargetAttributes = {
					1D3281A81F8654B4008570F8 = {
						CreatedOnToolsVersion = 9.0;
						ProvisioningStyle = Automatic;
					};
					1D3281BC1F8654B4008570F8 = {
						CreatedOnToolsVersion = 9.0;
						ProvisioningStyle = Automatic;
						TestTargetID = 1D3281A81F8654B4008570F8;
					};
					1D3281C71F8654B4008570F8 = {
						CreatedOnToolsVersion = 9.0;
						ProvisioningStyle = Automatic;
						TestTargetID = 1D3281A81F8654B4008570F8;
					};
				};
			};
			buildConfigurationList = 1D3281A41F8654B4008570F8 /* Build configuration list for PBXProject "ClassroomChecker" */;
			compatibilityVersion = "Xcode 8.0";
			developmentRegion = en;
			hasScannedForEncodings = 0;
			knownRegions = (
				en,
				Base,
			);
			mainGroup = 1D3281A01F8654B4008570F8;
			productRefGroup = 1D3281AA1F8654B4008570F8 /* Products */;
			projectDirPath = "";
			projectRoot = "";
			targets = (
				1D3281A81F8654B4008570F8 /* ClassroomChecker */,
				1D3281BC1F8654B4008570F8 /* ClassroomCheckerTests */,
				1D3281C71F8654B4008570F8 /* ClassroomCheckerUITests */,
			);
		};
/* End PBXProject section */

/* Begin PBXResourcesBuildPhase section */
		1D3281A71F8654B4008570F8 /* Resources */ = {
			isa = PBXResourcesBuildPhase;
			buildActionMask = 2147483647;
			files = (
				1D3281B71F8654B4008570F8 /* LaunchScreen.storyboard in Resources */,
				1D3281B41F8654B4008570F8 /* Assets.xcassets in Resources */,
				1D3281B21F8654B4008570F8 /* Main.storyboard in Resources */,
			);
			runOnlyForDeploymentPostprocessing = 0;
		};
		1D3281BB1F8654B4008570F8 /* Resources */ = {
			isa = PBXResourcesBuildPhase;
			buildActionMask = 2147483647;
			files = (
			);
			runOnlyForDeploymentPostprocessing = 0;
		};
		1D3281C61F8654B4008570F8 /* Resources */ = {
			isa = PBXResourcesBuildPhase;
			buildActionMask = 2147483647;
			files = (
			);
			runOnlyForDeploymentPostprocessing = 0;
		};
/* End PBXResourcesBuildPhase section */

/* Begin PBXShellScriptBuildPhase section */
		00F4E45A8FE52CA600A177F3 /* [CP] Check Pods Manifest.lock */ = {
			isa = PBXShellScriptBuildPhase;
			buildActionMask = 2147483647;
			files = (
			);
			inputPaths = (
				"${PODS_PODFILE_DIR_PATH}/Podfile.lock",
				"${PODS_ROOT}/Manifest.lock",
			);
			name = "[CP] Check Pods Manifest.lock";
			outputPaths = (
				"$(DERIVED_FILE_DIR)/Pods-ClassroomChecker-checkManifestLockResult.txt",
			);
			runOnlyForDeploymentPostprocessing = 0;
			shellPath = /bin/sh;
			shellScript = "diff \"${PODS_PODFILE_DIR_PATH}/Podfile.lock\" \"${PODS_ROOT}/Manifest.lock\" > /dev/null\nif [ $? != 0 ] ; then\n    # print error to STDERR\n    echo \"error: The sandbox is not in sync with the Podfile.lock. Run 'pod install' or update your CocoaPods installation.\" >&2\n    exit 1\nfi\n# This output is used by Xcode 'outputs' to avoid re-running this script phase.\necho \"SUCCESS\" > \"${SCRIPT_OUTPUT_FILE_0}\"\n";
			showEnvVarsInLog = 0;
		};
		0AE74BC83152532A334F7346 /* [CP] Copy Pods Resources */ = {
			isa = PBXShellScriptBuildPhase;
			buildActionMask = 2147483647;
			files = (
			);
			inputPaths = (
			);
			name = "[CP] Copy Pods Resources";
			outputPaths = (
			);
			runOnlyForDeploymentPostprocessing = 0;
			shellPath = /bin/sh;
			shellScript = "\"${SRCROOT}/Pods/Target Support Files/Pods-ClassroomCheckerUITests/Pods-ClassroomCheckerUITests-resources.sh\"\n";
			showEnvVarsInLog = 0;
		};
		39B0C18665B3811CBF581042 /* [CP] Embed Pods Frameworks */ = {
			isa = PBXShellScriptBuildPhase;
			buildActionMask = 2147483647;
			files = (
			);
			inputPaths = (
				"${SRCROOT}/Pods/Target Support Files/Pods-ClassroomChecker/Pods-ClassroomChecker-frameworks.sh",
				"${BUILT_PRODUCTS_DIR}/Former/Former.framework",
			);
			name = "[CP] Embed Pods Frameworks";
			outputPaths = (
				"${TARGET_BUILD_DIR}/${FRAMEWORKS_FOLDER_PATH}/Former.framework",
			);
			runOnlyForDeploymentPostprocessing = 0;
			shellPath = /bin/sh;
			shellScript = "\"${SRCROOT}/Pods/Target Support Files/Pods-ClassroomChecker/Pods-ClassroomChecker-frameworks.sh\"\n";
			showEnvVarsInLog = 0;
		};
		8F4C617F98DDC5866BEF6421 /* [CP] Embed Pods Frameworks */ = {
			isa = PBXShellScriptBuildPhase;
			buildActionMask = 2147483647;
			files = (
			);
			inputPaths = (
			);
			name = "[CP] Embed Pods Frameworks";
			outputPaths = (
			);
			runOnlyForDeploymentPostprocessing = 0;
			shellPath = /bin/sh;
			shellScript = "\"${SRCROOT}/Pods/Target Support Files/Pods-ClassroomCheckerTests/Pods-ClassroomCheckerTests-frameworks.sh\"\n";
			showEnvVarsInLog = 0;
		};
		90CFBEC9C844342EB19FC969 /* [CP] Copy Pods Resources */ = {
			isa = PBXShellScriptBuildPhase;
			buildActionMask = 2147483647;
			files = (
			);
			inputPaths = (
			);
			name = "[CP] Copy Pods Resources";
			outputPaths = (
			);
			runOnlyForDeploymentPostprocessing = 0;
			shellPath = /bin/sh;
			shellScript = "\"${SRCROOT}/Pods/Target Support Files/Pods-ClassroomCheckerTests/Pods-ClassroomCheckerTests-resources.sh\"\n";
			showEnvVarsInLog = 0;
		};
		9E69ADA018CE8E1B52F891C2 /* [CP] Check Pods Manifest.lock */ = {
			isa = PBXShellScriptBuildPhase;
			buildActionMask = 2147483647;
			files = (
			);
			inputPaths = (
				"${PODS_PODFILE_DIR_PATH}/Podfile.lock",
				"${PODS_ROOT}/Manifest.lock",
			);
			name = "[CP] Check Pods Manifest.lock";
			outputPaths = (
				"$(DERIVED_FILE_DIR)/Pods-ClassroomCheckerUITests-checkManifestLockResult.txt",
			);
			runOnlyForDeploymentPostprocessing = 0;
			shellPath = /bin/sh;
			shellScript = "diff \"${PODS_PODFILE_DIR_PATH}/Podfile.lock\" \"${PODS_ROOT}/Manifest.lock\" > /dev/null\nif [ $? != 0 ] ; then\n    # print error to STDERR\n    echo \"error: The sandbox is not in sync with the Podfile.lock. Run 'pod install' or update your CocoaPods installation.\" >&2\n    exit 1\nfi\n# This output is used by Xcode 'outputs' to avoid re-running this script phase.\necho \"SUCCESS\" > \"${SCRIPT_OUTPUT_FILE_0}\"\n";
			showEnvVarsInLog = 0;
		};
		C1C21DFA9C63460D6FF76BDE /* [CP] Check Pods Manifest.lock */ = {
			isa = PBXShellScriptBuildPhase;
			buildActionMask = 2147483647;
			files = (
			);
			inputPaths = (
				"${PODS_PODFILE_DIR_PATH}/Podfile.lock",
				"${PODS_ROOT}/Manifest.lock",
			);
			name = "[CP] Check Pods Manifest.lock";
			outputPaths = (
				"$(DERIVED_FILE_DIR)/Pods-ClassroomCheckerTests-checkManifestLockResult.txt",
			);
			runOnlyForDeploymentPostprocessing = 0;
			shellPath = /bin/sh;
			shellScript = "diff \"${PODS_PODFILE_DIR_PATH}/Podfile.lock\" \"${PODS_ROOT}/Manifest.lock\" > /dev/null\nif [ $? != 0 ] ; then\n    # print error to STDERR\n    echo \"error: The sandbox is not in sync with the Podfile.lock. Run 'pod install' or update your CocoaPods installation.\" >&2\n    exit 1\nfi\n# This output is used by Xcode 'outputs' to avoid re-running this script phase.\necho \"SUCCESS\" > \"${SCRIPT_OUTPUT_FILE_0}\"\n";
			showEnvVarsInLog = 0;
		};
		C3DF9854CA7FE6284C529B8F /* [CP] Copy Pods Resources */ = {
			isa = PBXShellScriptBuildPhase;
			buildActionMask = 2147483647;
			files = (
			);
			inputPaths = (
			);
			name = "[CP] Copy Pods Resources";
			outputPaths = (
			);
			runOnlyForDeploymentPostprocessing = 0;
			shellPath = /bin/sh;
			shellScript = "\"${SRCROOT}/Pods/Target Support Files/Pods-ClassroomChecker/Pods-ClassroomChecker-resources.sh\"\n";
			showEnvVarsInLog = 0;
		};
		C88FF29FD95124AE896516B1 /* [CP] Embed Pods Frameworks */ = {
			isa = PBXShellScriptBuildPhase;
			buildActionMask = 2147483647;
			files = (
			);
			inputPaths = (
			);
			name = "[CP] Embed Pods Frameworks";
			outputPaths = (
			);
			runOnlyForDeploymentPostprocessing = 0;
			shellPath = /bin/sh;
			shellScript = "\"${SRCROOT}/Pods/Target Support Files/Pods-ClassroomCheckerUITests/Pods-ClassroomCheckerUITests-frameworks.sh\"\n";
			showEnvVarsInLog = 0;
		};
/* End PBXShellScriptBuildPhase section */

/* Begin PBXSourcesBuildPhase section */
		1D3281A51F8654B4008570F8 /* Sources */ = {
			isa = PBXSourcesBuildPhase;
			buildActionMask = 2147483647;
			files = (
				1D3281AF1F8654B4008570F8 /* ViewController.swift in Sources */,
				1D3281AD1F8654B4008570F8 /* AppDelegate.swift in Sources */,
			);
			runOnlyForDeploymentPostprocessing = 0;
		};
		1D3281B91F8654B4008570F8 /* Sources */ = {
			isa = PBXSourcesBuildPhase;
			buildActionMask = 2147483647;
			files = (
				1D3281C21F8654B4008570F8 /* ClassroomCheckerTests.swift in Sources */,
			);
			runOnlyForDeploymentPostprocessing = 0;
		};
		1D3281C41F8654B4008570F8 /* Sources */ = {
			isa = PBXSourcesBuildPhase;
			buildActionMask = 2147483647;
			files = (
				1D3281CD1F8654B4008570F8 /* ClassroomCheckerUITests.swift in Sources */,
			);
			runOnlyForDeploymentPostprocessing = 0;
		};
/* End PBXSourcesBuildPhase section */

/* Begin PBXTargetDependency section */
		1D3281BF1F8654B4008570F8 /* PBXTargetDependency */ = {
			isa = PBXTargetDependency;
			target = 1D3281A81F8654B4008570F8 /* ClassroomChecker */;
			targetProxy = 1D3281BE1F8654B4008570F8 /* PBXContainerItemProxy */;
		};
		1D3281CA1F8654B4008570F8 /* PBXTargetDependency */ = {
			isa = PBXTargetDependency;
			target = 1D3281A81F8654B4008570F8 /* ClassroomChecker */;
			targetProxy = 1D3281C91F8654B4008570F8 /* PBXContainerItemProxy */;
		};
/* End PBXTargetDependency section */

/* Begin PBXVariantGroup section */
		1D3281B01F8654B4008570F8 /* Main.storyboard */ = {
			isa = PBXVariantGroup;
			children = (
				1D3281B11F8654B4008570F8 /* Base */,
			);
			name = Main.storyboard;
			sourceTree = "<group>";
		};
		1D3281B51F8654B4008570F8 /* LaunchScreen.storyboard */ = {
			isa = PBXVariantGroup;
			children = (
				1D3281B61F8654B4008570F8 /* Base */,
			);
			name = LaunchScreen.storyboard;
			sourceTree = "<group>";
		};
/* End PBXVariantGroup section */

/* Begin XCBuildConfiguration section */
		1D3281CF1F8654B4008570F8 /* Debug */ = {
			isa = XCBuildConfiguration;
			buildSettings = {
				ALWAYS_SEARCH_USER_PATHS = NO;
				CLANG_ANALYZER_NONNULL = YES;
				CLANG_ANALYZER_NUMBER_OBJECT_CONVERSION = YES_AGGRESSIVE;
				CLANG_CXX_LANGUAGE_STANDARD = "gnu++14";
				CLANG_CXX_LIBRARY = "libc++";
				CLANG_ENABLE_MODULES = YES;
				CLANG_ENABLE_OBJC_ARC = YES;
				CLANG_WARN_BLOCK_CAPTURE_AUTORELEASING = YES;
				CLANG_WARN_BOOL_CONVERSION = YES;
				CLANG_WARN_COMMA = YES;
				CLANG_WARN_CONSTANT_CONVERSION = YES;
				CLANG_WARN_DIRECT_OBJC_ISA_USAGE = YES_ERROR;
				CLANG_WARN_DOCUMENTATION_COMMENTS = YES;
				CLANG_WARN_EMPTY_BODY = YES;
				CLANG_WARN_ENUM_CONVERSION = YES;
				CLANG_WARN_INFINITE_RECURSION = YES;
				CLANG_WARN_INT_CONVERSION = YES;
				CLANG_WARN_NON_LITERAL_NULL_CONVERSION = YES;
				CLANG_WARN_OBJC_LITERAL_CONVERSION = YES;
				CLANG_WARN_OBJC_ROOT_CLASS = YES_ERROR;
				CLANG_WARN_RANGE_LOOP_ANALYSIS = YES;
				CLANG_WARN_STRICT_PROTOTYPES = YES;
				CLANG_WARN_SUSPICIOUS_MOVE = YES;
				CLANG_WARN_UNGUARDED_AVAILABILITY = YES_AGGRESSIVE;
				CLANG_WARN_UNREACHABLE_CODE = YES;
				CLANG_WARN__DUPLICATE_METHOD_MATCH = YES;
				CODE_SIGN_IDENTITY = "iPhone Developer";
				COPY_PHASE_STRIP = NO;
				DEBUG_INFORMATION_FORMAT = dwarf;
				ENABLE_STRICT_OBJC_MSGSEND = YES;
				ENABLE_TESTABILITY = YES;
				GCC_C_LANGUAGE_STANDARD = gnu11;
				GCC_DYNAMIC_NO_PIC = NO;
				GCC_NO_COMMON_BLOCKS = YES;
				GCC_OPTIMIZATION_LEVEL = 0;
				GCC_PREPROCESSOR_DEFINITIONS = (
					"DEBUG=1",
					"$(inherited)",
				);
				GCC_WARN_64_TO_32_BIT_CONVERSION = YES;
				GCC_WARN_ABOUT_RETURN_TYPE = YES_ERROR;
				GCC_WARN_UNDECLARED_SELECTOR = YES;
				GCC_WARN_UNINITIALIZED_AUTOS = YES_AGGRESSIVE;
				GCC_WARN_UNUSED_FUNCTION = YES;
				GCC_WARN_UNUSED_VARIABLE = YES;
				IPHONEOS_DEPLOYMENT_TARGET = 11.0;
				MTL_ENABLE_DEBUG_INFO = YES;
				ONLY_ACTIVE_ARCH = YES;
				SDKROOT = iphoneos;
				SWIFT_ACTIVE_COMPILATION_CONDITIONS = DEBUG;
				SWIFT_OPTIMIZATION_LEVEL = "-Onone";
			};
			name = Debug;
		};
		1D3281D01F8654B4008570F8 /* Release */ = {
			isa = XCBuildConfiguration;
			buildSettings = {
				ALWAYS_SEARCH_USER_PATHS = NO;
				CLANG_ANALYZER_NONNULL = YES;
				CLANG_ANALYZER_NUMBER_OBJECT_CONVERSION = YES_AGGRESSIVE;
				CLANG_CXX_LANGUAGE_STANDARD = "gnu++14";
				CLANG_CXX_LIBRARY = "libc++";
				CLANG_ENABLE_MODULES = YES;
				CLANG_ENABLE_OBJC_ARC = YES;
				CLANG_WARN_BLOCK_CAPTURE_AUTORELEASING = YES;
				CLANG_WARN_BOOL_CONVERSION = YES;
				CLANG_WARN_COMMA = YES;
				CLANG_WARN_CONSTANT_CONVERSION = YES;
				CLANG_WARN_DIRECT_OBJC_ISA_USAGE = YES_ERROR;
				CLANG_WARN_DOCUMENTATION_COMMENTS = YES;
				CLANG_WARN_EMPTY_BODY = YES;
				CLANG_WARN_ENUM_CONVERSION = YES;
				CLANG_WARN_INFINITE_RECURSION = YES;
				CLANG_WARN_INT_CONVERSION = YES;
				CLANG_WARN_NON_LITERAL_NULL_CONVERSION = YES;
				CLANG_WARN_OBJC_LITERAL_CONVERSION = YES;
				CLANG_WARN_OBJC_ROOT_CLASS = YES_ERROR;
				CLANG_WARN_RANGE_LOOP_ANALYSIS = YES;
				CLANG_WARN_STRICT_PROTOTYPES = YES;
				CLANG_WARN_SUSPICIOUS_MOVE = YES;
				CLANG_WARN_UNGUARDED_AVAILABILITY = YES_AGGRESSIVE;
				CLANG_WARN_UNREACHABLE_CODE = YES;
				CLANG_WARN__DUPLICATE_METHOD_MATCH = YES;
				CODE_SIGN_IDENTITY = "iPhone Developer";
				COPY_PHASE_STRIP = NO;
				DEBUG_INFORMATION_FORMAT = "dwarf-with-dsym";
				ENABLE_NS_ASSERTIONS = NO;
				ENABLE_STRICT_OBJC_MSGSEND = YES;
				GCC_C_LANGUAGE_STANDARD = gnu11;
				GCC_NO_COMMON_BLOCKS = YES;
				GCC_WARN_64_TO_32_BIT_CONVERSION = YES;
				GCC_WARN_ABOUT_RETURN_TYPE = YES_ERROR;
				GCC_WARN_UNDECLARED_SELECTOR = YES;
				GCC_WARN_UNINITIALIZED_AUTOS = YES_AGGRESSIVE;
				GCC_WARN_UNUSED_FUNCTION = YES;
				GCC_WARN_UNUSED_VARIABLE = YES;
				IPHONEOS_DEPLOYMENT_TARGET = 11.0;
				MTL_ENABLE_DEBUG_INFO = NO;
				SDKROOT = iphoneos;
				SWIFT_OPTIMIZATION_LEVEL = "-Owholemodule";
				VALIDATE_PRODUCT = YES;
			};
			name = Release;
		};
		1D3281D21F8654B4008570F8 /* Debug */ = {
			isa = XCBuildConfiguration;
			baseConfigurationReference = A0DF1F6A31B0FFA7859F4090 /* Pods-ClassroomChecker.debug.xcconfig */;
			buildSettings = {
				ASSETCATALOG_COMPILER_APPICON_NAME = AppIcon;
				CODE_SIGN_STYLE = Automatic;
				INFOPLIST_FILE = ClassroomChecker/Info.plist;
				LD_RUNPATH_SEARCH_PATHS = "$(inherited) @executable_path/Frameworks";
				PRODUCT_BUNDLE_IDENTIFIER = com.carly.ClassroomChecker;
				PRODUCT_NAME = "$(TARGET_NAME)";
				SWIFT_VERSION = 4.0;
				TARGETED_DEVICE_FAMILY = "1,2";
			};
			name = Debug;
		};
		1D3281D31F8654B4008570F8 /* Release */ = {
			isa = XCBuildConfiguration;
			baseConfigurationReference = A05DED37D83DCB8AF3213D93 /* Pods-ClassroomChecker.release.xcconfig */;
			buildSettings = {
				ASSETCATALOG_COMPILER_APPICON_NAME = AppIcon;
				CODE_SIGN_STYLE = Automatic;
				INFOPLIST_FILE = ClassroomChecker/Info.plist;
				LD_RUNPATH_SEARCH_PATHS = "$(inherited) @executable_path/Frameworks";
				PRODUCT_BUNDLE_IDENTIFIER = com.carly.ClassroomChecker;
				PRODUCT_NAME = "$(TARGET_NAME)";
				SWIFT_VERSION = 4.0;
				TARGETED_DEVICE_FAMILY = "1,2";
			};
			name = Release;
		};
		1D3281D51F8654B4008570F8 /* Debug */ = {
			isa = XCBuildConfiguration;
			baseConfigurationReference = E14B454A1944E87F57858AA7 /* Pods-ClassroomCheckerTests.debug.xcconfig */;
			buildSettings = {
				ALWAYS_EMBED_SWIFT_STANDARD_LIBRARIES = YES;
				BUNDLE_LOADER = "$(TEST_HOST)";
				CODE_SIGN_STYLE = Automatic;
				INFOPLIST_FILE = ClassroomCheckerTests/Info.plist;
				LD_RUNPATH_SEARCH_PATHS = "$(inherited) @executable_path/Frameworks @loader_path/Frameworks";
				PRODUCT_BUNDLE_IDENTIFIER = com.carly.ClassroomCheckerTests;
				PRODUCT_NAME = "$(TARGET_NAME)";
				SWIFT_VERSION = 4.0;
				TARGETED_DEVICE_FAMILY = "1,2";
				TEST_HOST = "$(BUILT_PRODUCTS_DIR)/ClassroomChecker.app/ClassroomChecker";
			};
			name = Debug;
		};
		1D3281D61F8654B4008570F8 /* Release */ = {
			isa = XCBuildConfiguration;
			baseConfigurationReference = A05E4CA74B53393ED44CC649 /* Pods-ClassroomCheckerTests.release.xcconfig */;
			buildSettings = {
				ALWAYS_EMBED_SWIFT_STANDARD_LIBRARIES = YES;
				BUNDLE_LOADER = "$(TEST_HOST)";
				CODE_SIGN_STYLE = Automatic;
				INFOPLIST_FILE = ClassroomCheckerTests/Info.plist;
				LD_RUNPATH_SEARCH_PATHS = "$(inherited) @executable_path/Frameworks @loader_path/Frameworks";
				PRODUCT_BUNDLE_IDENTIFIER = com.carly.ClassroomCheckerTests;
				PRODUCT_NAME = "$(TARGET_NAME)";
				SWIFT_VERSION = 4.0;
				TARGETED_DEVICE_FAMILY = "1,2";
				TEST_HOST = "$(BUILT_PRODUCTS_DIR)/ClassroomChecker.app/ClassroomChecker";
			};
			name = Release;
		};
		1D3281D81F8654B4008570F8 /* Debug */ = {
			isa = XCBuildConfiguration;
			baseConfigurationReference = 65A7069EEFA66226FE3677DC /* Pods-ClassroomCheckerUITests.debug.xcconfig */;
			buildSettings = {
				ALWAYS_EMBED_SWIFT_STANDARD_LIBRARIES = YES;
				CODE_SIGN_STYLE = Automatic;
				INFOPLIST_FILE = ClassroomCheckerUITests/Info.plist;
				LD_RUNPATH_SEARCH_PATHS = "$(inherited) @executable_path/Frameworks @loader_path/Frameworks";
				PRODUCT_BUNDLE_IDENTIFIER = com.carly.ClassroomCheckerUITests;
				PRODUCT_NAME = "$(TARGET_NAME)";
				SWIFT_VERSION = 4.0;
				TARGETED_DEVICE_FAMILY = "1,2";
				TEST_TARGET_NAME = ClassroomChecker;
			};
			name = Debug;
		};
		1D3281D91F8654B4008570F8 /* Release */ = {
			isa = XCBuildConfiguration;
			baseConfigurationReference = 963B6B0AE5D1E5706375F809 /* Pods-ClassroomCheckerUITests.release.xcconfig */;
			buildSettings = {
				ALWAYS_EMBED_SWIFT_STANDARD_LIBRARIES = YES;
				CODE_SIGN_STYLE = Automatic;
				INFOPLIST_FILE = ClassroomCheckerUITests/Info.plist;
				LD_RUNPATH_SEARCH_PATHS = "$(inherited) @executable_path/Frameworks @loader_path/Frameworks";
				PRODUCT_BUNDLE_IDENTIFIER = com.carly.ClassroomCheckerUITests;
				PRODUCT_NAME = "$(TARGET_NAME)";
				SWIFT_VERSION = 4.0;
				TARGETED_DEVICE_FAMILY = "1,2";
				TEST_TARGET_NAME = ClassroomChecker;
			};
			name = Release;
		};
/* End XCBuildConfiguration section */

/* Begin XCConfigurationList section */
		1D3281A41F8654B4008570F8 /* Build configuration list for PBXProject "ClassroomChecker" */ = {
			isa = XCConfigurationList;
			buildConfigurations = (
				1D3281CF1F8654B4008570F8 /* Debug */,
				1D3281D01F8654B4008570F8 /* Release */,
			);
			defaultConfigurationIsVisible = 0;
			defaultConfigurationName = Release;
		};
		1D3281D11F8654B4008570F8 /* Build configuration list for PBXNativeTarget "ClassroomChecker" */ = {
			isa = XCConfigurationList;
			buildConfigurations = (
				1D3281D21F8654B4008570F8 /* Debug */,
				1D3281D31F8654B4008570F8 /* Release */,
			);
			defaultConfigurationIsVisible = 0;
			defaultConfigurationName = Release;
		};
		1D3281D41F8654B4008570F8 /* Build configuration list for PBXNativeTarget "ClassroomCheckerTests" */ = {
			isa = XCConfigurationList;
			buildConfigurations = (
				1D3281D51F8654B4008570F8 /* Debug */,
				1D3281D61F8654B4008570F8 /* Release */,
			);
			defaultConfigurationIsVisible = 0;
			defaultConfigurationName = Release;
		};
		1D3281D71F8654B4008570F8 /* Build configuration list for PBXNativeTarget "ClassroomCheckerUITests" */ = {
			isa = XCConfigurationList;
			buildConfigurations = (
				1D3281D81F8654B4008570F8 /* Debug */,
				1D3281D91F8654B4008570F8 /* Release */,
			);
			defaultConfigurationIsVisible = 0;
			defaultConfigurationName = Release;
		};
/* End XCConfigurationList section */
	};
	rootObject = 1D3281A11F8654B4008570F8 /* Project object */;
}
